
Microsoft Visual Studio Solution File, Format Version 12.00
# Visual Studio 15
VisualStudioVersion = 15.0.27428.1
MinimumVisualStudioVersion = 10.0.40219.1
Project("{9A19103F-16F7-4668-BE54-9A1E7A4F7556}") = "server", "server\server\server.csproj", "{AD40CF1D-5EC8-4084-9EC1-19F0D5BD7B8F}"
EndProject
Project("{9A19103F-16F7-4668-BE54-9A1E7A4F7556}") = "test", "server\test\test.csproj", "{C62188FE-F086-4E7C-A337-BFEF679D756F}"
EndProject
Global
	GlobalSection(SolutionConfigurationPlatforms) = preSolution
		Debug|Any CPU = Debug|Any CPU
		Release|Any CPU = Release|Any CPU
	EndGlobalSection
	GlobalSection(ProjectConfigurationPlatforms) = postSolution
		{AD40CF1D-5EC8-4084-9EC1-19F0D5BD7B8F}.Debug|Any CPU.ActiveCfg = Debug|Any CPU
		{AD40CF1D-5EC8-4084-9EC1-19F0D5BD7B8F}.Debug|Any CPU.Build.0 = Debug|Any CPU
		{AD40CF1D-5EC8-4084-9EC1-19F0D5BD7B8F}.Release|Any CPU.ActiveCfg = Release|Any CPU
		{AD40CF1D-5EC8-4084-9EC1-19F0D5BD7B8F}.Release|Any CPU.Build.0 = Release|Any CPU
		{C62188FE-F086-4E7C-A337-BFEF679D756F}.Debug|Any CPU.ActiveCfg = Debug|Any CPU
		{C62188FE-F086-4E7C-A337-BFEF679D756F}.Debug|Any CPU.Build.0 = Debug|Any CPU
		{C62188FE-F086-4E7C-A337-BFEF679D756F}.Release|Any CPU.ActiveCfg = Release|Any CPU
		{C62188FE-F086-4E7C-A337-BFEF679D756F}.Release|Any CPU.Build.0 = Release|Any CPU
	EndGlobalSection
	GlobalSection(SolutionProperties) = preSolution
		HideSolutionNode = FALSE
	EndGlobalSection
	GlobalSection(ExtensibilityGlobals) = postSolution
		SolutionGuid = {EA0A09A8-8B8C-41C7-A9CF-D07F7BBF6BE9}
	EndGlobalSection
EndGlobal
